
Microsoft Visual Studio Solution File, Format Version 12.00
# Visual Studio 15
VisualStudioVersion = 15.0.28307.421
MinimumVisualStudioVersion = 10.0.40219.1
Project("{FAE04EC0-301F-11D3-BF4B-00C04F79EFBC}") = "AutoHeightWindow", "AutoHeightWindow\AutoHeightWindow.csproj", "{DDBED3A1-B706-49CC-AF35-861F2190A12F}"
EndProject
Global
	GlobalSection(SolutionConfigurationPlatforms) = preSolution
		Debug|Any CPU = Debug|Any CPU
		Release|Any CPU = Release|Any CPU
	EndGlobalSection
	GlobalSection(ProjectConfigurationPlatforms) = postSolution
		{DDBED3A1-B706-49CC-AF35-861F2190A12F}.Debug|Any CPU.ActiveCfg = Debug|Any CPU
		{DDBED3A1-B706-49CC-AF35-861F2190A12F}.Debug|Any CPU.Build.0 = Debug|Any CPU
		{DDBED3A1-B706-49CC-AF35-861F2190A12F}.Release|Any CPU.ActiveCfg = Release|Any CPU
		{DDBED3A1-B706-49CC-AF35-861F2190A12F}.Release|Any CPU.Build.0 = Release|Any CPU
	EndGlobalSection
	GlobalSection(SolutionProperties) = preSolution
		HideSolutionNode = FALSE
	EndGlobalSection
	GlobalSection(ExtensibilityGlobals) = postSolution
		SolutionGuid = {E4816D90-9D9B-4C6A-A0C8-5D9EDF0D99DC}
	EndGlobalSection
EndGlobal
